
Microsoft Visual Studio Solution File, Format Version 12.00
# Visual Studio Version 17
VisualStudioVersion = 17.4.33213.308
MinimumVisualStudioVersion = 10.0.40219.1
Project("{FAE04EC0-301F-11D3-BF4B-00C04F79EFBC}") = "ApiBolsaEmpleo", "ApiBolsaEmpleo.csproj", "{A37861FB-D7D7-4593-8111-C20032473140}"
EndProject
Global
	GlobalSection(SolutionConfigurationPlatforms) = preSolution
		Debug|Any CPU = Debug|Any CPU
		Release|Any CPU = Release|Any CPU
	EndGlobalSection
	GlobalSection(ProjectConfigurationPlatforms) = postSolution
		{A37861FB-D7D7-4593-8111-C20032473140}.Debug|Any CPU.ActiveCfg = Debug|Any CPU
		{A37861FB-D7D7-4593-8111-C20032473140}.Debug|Any CPU.Build.0 = Debug|Any CPU
		{A37861FB-D7D7-4593-8111-C20032473140}.Release|Any CPU.ActiveCfg = Release|Any CPU
		{A37861FB-D7D7-4593-8111-C20032473140}.Release|Any CPU.Build.0 = Release|Any CPU
	EndGlobalSection
	GlobalSection(SolutionProperties) = preSolution
		HideSolutionNode = FALSE
	EndGlobalSection
	GlobalSection(ExtensibilityGlobals) = postSolution
		SolutionGuid = {0F4819F1-0B96-45A6-8016-5E73BB982ED3}
	EndGlobalSection
EndGlobal
